<?xml version="1.0" encoding="utf-8"?>
<Project ToolsVersion="4.0" xmlns="http://schemas.microsoft.com/developer/msbuild/2003">
  <ItemGroup>
    <Filter Include="Source Files">
      <UniqueIdentifier>{4FC737F1-C7A5-4376-A066-2A32D752A2FF}</UniqueIdentifier>
      <Extensions>cpp;c;cc;cxx;def;odl;idl;hpj;bat;asm;asmx</Extensions>
    </Filter>
    <Filter Include="Header Files">
      <UniqueIdentifier>{93995380-89BD-4b04-88EB-625FBE52EBFB}</UniqueIdentifier>
      <Extensions>h;hh;hpp;hxx;hm;inl;inc;xsd</Extensions>
    </Filter>
    <Filter Include="Resource Files">
      <UniqueIdentifier>{67DA6AB6-F800-4c08-8B7A-83BB121AAD01}</UniqueIdentifier>
      <Extensions>rc;ico;cur;bmp;dlg;rc2;rct;bin;rgs;gif;jpg;jpeg;jpe;resx;tiff;tif;png;wav;mfcribbon-ms</Extensions>
    </Filter>
  </ItemGroup>
  <ItemGroup>
    <ClInclude Include="stdafx.h">
      <Filter>Header Files</Filter>
    </ClInclude>
    <ClInclude Include="targetver.h">
      <Filter>Header Files</Filter>
    </ClInclude>
    <ClInclude Include="matrix_structures\Mat2.h">
      <Filter>Header Files</Filter>
    </ClInclude>
    <ClInclude Include="matrix_structures\Mat3.h">
      <Filter>Header Files</Filter>
    </ClInclude>
    <ClInclude Include="matrix_structures\Mat4.h">
      <Filter>Header Files</Filter>
    </ClInclude>
    <ClInclude Include="matrix_structures\MatrixOperations.h">
      <Filter>Header Files</Filter>
    </ClInclude>
    <ClInclude Include="matrix_structures\MatrixStructuresInclude.h">
      <Filter>Header Files</Filter>
    </ClInclude>
    <ClInclude Include="matrix_structures\Vec2.h">
      <Filter>Header Files</Filter>
    </ClInclude>
    <ClInclude Include="matrix_structures\Vec3.h">
      <Filter>Header Files</Filter>
    </ClInclude>
    <ClInclude Include="matrix_structures\Vec4.h">
      <Filter>Header Files</Filter>
    </ClInclude>
    <ClInclude Include="matrix_structures\VecArrays.h">
      <Filter>Header Files</Filter>
    </ClInclude>
    <ClInclude Include="matrix_structures\VecX.h">
      <Filter>Header Files</Filter>
    </ClInclude>
    <ClInclude Include="pose_structures\AffineIncrement.h">
      <Filter>Header Files</Filter>
    </ClInclude>
    <ClInclude Include="pose_structures\AffinePose.h">
      <Filter>Header Files</Filter>
    </ClInclude>
    <ClInclude Include="pose_structures\Pose.h">
      <Filter>Header Files</Filter>
    </ClInclude>
    <ClInclude Include="pose_structures\PoseAliases.h">
      <Filter>Header Files</Filter>
    </ClInclude>
    <ClInclude Include="pose_structures\PoseArrays.h">
      <Filter>Header Files</Filter>
    </ClInclude>
    <ClInclude Include="pose_structures\PoseCommon.h">
      <Filter>Header Files</Filter>
    </ClInclude>
    <ClInclude Include="pose_structures\PoseIncrement.h">
      <Filter>Header Files</Filter>
    </ClInclude>
    <ClInclude Include="pose_structures\PoseOperations.h">
      <Filter>Header Files</Filter>
    </ClInclude>
    <ClInclude Include="pose_structures\PoseProcessing.h">
      <Filter>Header Files</Filter>
    </ClInclude>
    <ClInclude Include="pose_structures\PoseStructuresInclude.h">
      <Filter>Header Files</Filter>
    </ClInclude>
    <ClInclude Include="pose_structures\RigidPose.h">
      <Filter>Header Files</Filter>
    </ClInclude>
    <ClInclude Include="pose_structures\SE3.h">
      <Filter>Header Files</Filter>
    </ClInclude>
    <ClInclude Include="pose_structures\SO3.h">
      <Filter>Header Files</Filter>
    </ClInclude>
    <ClInclude Include="pose_structures\UnitQuaternion.h">
      <Filter>Header Files</Filter>
    </ClInclude>
    <ClInclude Include="utils\VectorMath.h">
      <Filter>Header Files</Filter>
    </ClInclude>
    <ClInclude Include="utils\SoAConversions.h">
      <Filter>Header Files</Filter>
    </ClInclude>
    <ClInclude Include="utils\Math.h">
      <Filter>Header Files</Filter>
    </ClInclude>
    <ClInclude Include="utils\Promotion.h">
      <Filter>Header Files</Filter>
    </ClInclude>
    <ClInclude Include="utils\SoloSupport.h">
      <Filter>Header Files</Filter>
    </ClInclude>
    <ClInclude Include="utils\LibIncludeCPU.h">
      <Filter>Header Files</Filter>
    </ClInclude>
    <ClInclude Include="utils\SoloIncludeCPU.h">
      <Filter>Header Files</Filter>
    </ClInclude>
    <ClInclude Include="MatrixLibInclude.h">
      <Filter>Header Files</Filter>
    </ClInclude>
    <ClInclude Include="utils\Serialization.h">
      <Filter>Header Files</Filter>
    </ClInclude>
    <ClInclude Include="utils\Constants.h">
      <Filter>Header Files</Filter>
    </ClInclude>
    <ClInclude Include="MatrixLibSerialization.h">
      <Filter>Header Files</Filter>
    </ClInclude>
  </ItemGroup>
  <ItemGroup>
    <ClCompile Include="stdafx.cpp">
      <Filter>Source Files</Filter>
    </ClCompile>
    <ClCompile Include="main.cpp">
      <Filter>Source Files</Filter>
    </ClCompile>
    <ClCompile Include="utils\SoloIncludeCPU.cpp">
      <Filter>Source Files</Filter>
    </ClCompile>
  </ItemGroup>
</Project>